
Microsoft Visual Studio Solution File, Format Version 12.00
# Visual Studio Version 17
VisualStudioVersion = 17.8.34525.116
MinimumVisualStudioVersion = 10.0.40219.1
Project("{9A19103F-16F7-4668-BE54-9A1E7A4F7556}") = "FrontEnd.Server", "FrontEdn\FrontEdn.Server\FrontEnd.Server.csproj", "{0EE5C62E-C785-489A-884C-A41495DF1A58}"
EndProject
Project("{54A90642-561A-4BB1-A94E-469ADEE60C69}") = "frontend.client", "FrontEdn\frontedn.client\frontend.client.esproj", "{D59C6101-E03D-431C-991E-74D160917DE1}"
EndProject
Project("{2150E333-8FDC-42A3-9474-1A3956D46DE8}") = "0 - Presentation", "0 - Presentation", "{35E1DE7A-2345-4619-A291-5C023EC0DEF2}"
EndProject
Project("{2150E333-8FDC-42A3-9474-1A3956D46DE8}") = "1 - Services", "1 - Services", "{8A71CD30-7EA0-4F9D-A52A-807B85267196}"
EndProject
Project("{2150E333-8FDC-42A3-9474-1A3956D46DE8}") = "2 - Application", "2 - Application", "{FF2DDADE-1D0F-424B-ABA1-342ACB571392}"
EndProject
Project("{2150E333-8FDC-42A3-9474-1A3956D46DE8}") = "3 - Domain", "3 - Domain", "{EC8768B3-A247-4A25-A965-41706DA2DBDE}"
EndProject
Project("{2150E333-8FDC-42A3-9474-1A3956D46DE8}") = "4 - Infrastructure", "4 - Infrastructure", "{48B85AB7-8A33-4A96-83DF-BEF01BA3DDB9}"
EndProject
Project("{2150E333-8FDC-42A3-9474-1A3956D46DE8}") = "4.1 - CrosCutting", "4.1 - CrosCutting", "{E1A11765-4037-45C6-BB22-51C02CB6E7C7}"
EndProject
Project("{2150E333-8FDC-42A3-9474-1A3956D46DE8}") = "4.2 - Data", "4.2 - Data", "{0B9553A9-AB39-4ED1-B8AF-7E222AA6513A}"
EndProject
Project("{9A19103F-16F7-4668-BE54-9A1E7A4F7556}") = "FinancialLifeDomain", "FinancialLifeDomain\FinancialLifeDomain.csproj", "{2761E157-78E1-48C7-94D4-81315EE35C9A}"
EndProject
Project("{9A19103F-16F7-4668-BE54-9A1E7A4F7556}") = "FinancialLifeInfrastructureData", "FinancialLifeInfrastructureData\FinancialLifeInfrastructureData.csproj", "{84BE2EB3-4427-449A-9DCD-DB0A9326153C}"
EndProject
Project("{9A19103F-16F7-4668-BE54-9A1E7A4F7556}") = "FinancialLifeApplication", "FinancialLifeAppService\FinancialLifeApplication.csproj", "{CE11DB92-6D8E-4C04-9C4A-6EA687251C5D}"
EndProject
Project("{9A19103F-16F7-4668-BE54-9A1E7A4F7556}") = "FinacialLifeDtos", "FinacialLifeDtos\FinacialLifeDtos.csproj", "{E8B3EE44-8525-4BE6-B96B-819B8A5B6CE7}"
EndProject
Project("{FAE04EC0-301F-11D3-BF4B-00C04F79EFBC}") = "ContractEntity", "ContractEntity\ContractEntity.csproj", "{676EF031-3AAF-4496-B60B-A2CC3B8BE814}"
EndProject
Global
	GlobalSection(SolutionConfigurationPlatforms) = preSolution
		Debug|Any CPU = Debug|Any CPU
		Release|Any CPU = Release|Any CPU
	EndGlobalSection
	GlobalSection(ProjectConfigurationPlatforms) = postSolution
		{0EE5C62E-C785-489A-884C-A41495DF1A58}.Debug|Any CPU.ActiveCfg = Debug|Any CPU
		{0EE5C62E-C785-489A-884C-A41495DF1A58}.Debug|Any CPU.Build.0 = Debug|Any CPU
		{0EE5C62E-C785-489A-884C-A41495DF1A58}.Release|Any CPU.ActiveCfg = Release|Any CPU
		{0EE5C62E-C785-489A-884C-A41495DF1A58}.Release|Any CPU.Build.0 = Release|Any CPU
		{D59C6101-E03D-431C-991E-74D160917DE1}.Debug|Any CPU.ActiveCfg = Debug|Any CPU
		{D59C6101-E03D-431C-991E-74D160917DE1}.Debug|Any CPU.Build.0 = Debug|Any CPU
		{D59C6101-E03D-431C-991E-74D160917DE1}.Debug|Any CPU.Deploy.0 = Debug|Any CPU
		{D59C6101-E03D-431C-991E-74D160917DE1}.Release|Any CPU.ActiveCfg = Release|Any CPU
		{D59C6101-E03D-431C-991E-74D160917DE1}.Release|Any CPU.Build.0 = Release|Any CPU
		{D59C6101-E03D-431C-991E-74D160917DE1}.Release|Any CPU.Deploy.0 = Release|Any CPU
		{2761E157-78E1-48C7-94D4-81315EE35C9A}.Debug|Any CPU.ActiveCfg = Debug|Any CPU
		{2761E157-78E1-48C7-94D4-81315EE35C9A}.Debug|Any CPU.Build.0 = Debug|Any CPU
		{2761E157-78E1-48C7-94D4-81315EE35C9A}.Release|Any CPU.ActiveCfg = Release|Any CPU
		{2761E157-78E1-48C7-94D4-81315EE35C9A}.Release|Any CPU.Build.0 = Release|Any CPU
		{84BE2EB3-4427-449A-9DCD-DB0A9326153C}.Debug|Any CPU.ActiveCfg = Debug|Any CPU
		{84BE2EB3-4427-449A-9DCD-DB0A9326153C}.Debug|Any CPU.Build.0 = Debug|Any CPU
		{84BE2EB3-4427-449A-9DCD-DB0A9326153C}.Release|Any CPU.ActiveCfg = Release|Any CPU
		{84BE2EB3-4427-449A-9DCD-DB0A9326153C}.Release|Any CPU.Build.0 = Release|Any CPU
		{CE11DB92-6D8E-4C04-9C4A-6EA687251C5D}.Debug|Any CPU.ActiveCfg = Debug|Any CPU
		{CE11DB92-6D8E-4C04-9C4A-6EA687251C5D}.Debug|Any CPU.Build.0 = Debug|Any CPU
		{CE11DB92-6D8E-4C04-9C4A-6EA687251C5D}.Release|Any CPU.ActiveCfg = Release|Any CPU
		{CE11DB92-6D8E-4C04-9C4A-6EA687251C5D}.Release|Any CPU.Build.0 = Release|Any CPU
		{E8B3EE44-8525-4BE6-B96B-819B8A5B6CE7}.Debug|Any CPU.ActiveCfg = Debug|Any CPU
		{E8B3EE44-8525-4BE6-B96B-819B8A5B6CE7}.Debug|Any CPU.Build.0 = Debug|Any CPU
		{E8B3EE44-8525-4BE6-B96B-819B8A5B6CE7}.Release|Any CPU.ActiveCfg = Release|Any CPU
		{E8B3EE44-8525-4BE6-B96B-819B8A5B6CE7}.Release|Any CPU.Build.0 = Release|Any CPU
		{676EF031-3AAF-4496-B60B-A2CC3B8BE814}.Debug|Any CPU.ActiveCfg = Debug|Any CPU
		{676EF031-3AAF-4496-B60B-A2CC3B8BE814}.Debug|Any CPU.Build.0 = Debug|Any CPU
		{676EF031-3AAF-4496-B60B-A2CC3B8BE814}.Release|Any CPU.ActiveCfg = Release|Any CPU
		{676EF031-3AAF-4496-B60B-A2CC3B8BE814}.Release|Any CPU.Build.0 = Release|Any CPU
	EndGlobalSection
	GlobalSection(SolutionProperties) = preSolution
		HideSolutionNode = FALSE
	EndGlobalSection
	GlobalSection(NestedProjects) = preSolution
		{0EE5C62E-C785-489A-884C-A41495DF1A58} = {35E1DE7A-2345-4619-A291-5C023EC0DEF2}
		{D59C6101-E03D-431C-991E-74D160917DE1} = {35E1DE7A-2345-4619-A291-5C023EC0DEF2}
		{E1A11765-4037-45C6-BB22-51C02CB6E7C7} = {48B85AB7-8A33-4A96-83DF-BEF01BA3DDB9}
		{0B9553A9-AB39-4ED1-B8AF-7E222AA6513A} = {48B85AB7-8A33-4A96-83DF-BEF01BA3DDB9}
		{2761E157-78E1-48C7-94D4-81315EE35C9A} = {EC8768B3-A247-4A25-A965-41706DA2DBDE}
		{84BE2EB3-4427-449A-9DCD-DB0A9326153C} = {0B9553A9-AB39-4ED1-B8AF-7E222AA6513A}
		{CE11DB92-6D8E-4C04-9C4A-6EA687251C5D} = {FF2DDADE-1D0F-424B-ABA1-342ACB571392}
		{E8B3EE44-8525-4BE6-B96B-819B8A5B6CE7} = {FF2DDADE-1D0F-424B-ABA1-342ACB571392}
		{676EF031-3AAF-4496-B60B-A2CC3B8BE814} = {EC8768B3-A247-4A25-A965-41706DA2DBDE}
	EndGlobalSection
	GlobalSection(ExtensibilityGlobals) = postSolution
		SolutionGuid = {0DECD767-0F98-4394-BBFA-3A0F08466DB7}
	EndGlobalSection
EndGlobal
